
Microsoft Visual Studio Solution File, Format Version 12.00
# Visual Studio Version 17
VisualStudioVersion = 17.9.34714.143
MinimumVisualStudioVersion = 10.0.40219.1
Project("{FAE04EC0-301F-11D3-BF4B-00C04F79EFBC}") = "Simple.Commerce.Api", "Simple.Commerce.Api\Simple.Commerce.Api.csproj", "{B4C8CA21-2F90-4B92-8EF6-0616562C20A1}"
EndProject
Project("{FAE04EC0-301F-11D3-BF4B-00C04F79EFBC}") = "Simple.Commerce.Domain", "Simple.Commerce.Domain\Simple.Commerce.Domain.csproj", "{CFBF8289-1105-4154-B181-38EC447C7A33}"
EndProject
Project("{FAE04EC0-301F-11D3-BF4B-00C04F79EFBC}") = "Simple.Commerce.Application", "Simple.Commerce.Application\Simple.Commerce.Application.csproj", "{0D050B37-5658-4139-9C79-8E3A29AD6ABB}"
EndProject
Project("{FAE04EC0-301F-11D3-BF4B-00C04F79EFBC}") = "Simple.Commerce.Infra", "Simple.Commerce.Infra\Simple.Commerce.Infra.csproj", "{D1290FEF-5955-4444-9178-3B529BE7256F}"
EndProject
Global
	GlobalSection(SolutionConfigurationPlatforms) = preSolution
		Debug|Any CPU = Debug|Any CPU
		Release|Any CPU = Release|Any CPU
	EndGlobalSection
	GlobalSection(ProjectConfigurationPlatforms) = postSolution
		{B4C8CA21-2F90-4B92-8EF6-0616562C20A1}.Debug|Any CPU.ActiveCfg = Debug|Any CPU
		{B4C8CA21-2F90-4B92-8EF6-0616562C20A1}.Debug|Any CPU.Build.0 = Debug|Any CPU
		{B4C8CA21-2F90-4B92-8EF6-0616562C20A1}.Release|Any CPU.ActiveCfg = Release|Any CPU
		{B4C8CA21-2F90-4B92-8EF6-0616562C20A1}.Release|Any CPU.Build.0 = Release|Any CPU
		{CFBF8289-1105-4154-B181-38EC447C7A33}.Debug|Any CPU.ActiveCfg = Debug|Any CPU
		{CFBF8289-1105-4154-B181-38EC447C7A33}.Debug|Any CPU.Build.0 = Debug|Any CPU
		{CFBF8289-1105-4154-B181-38EC447C7A33}.Release|Any CPU.ActiveCfg = Release|Any CPU
		{CFBF8289-1105-4154-B181-38EC447C7A33}.Release|Any CPU.Build.0 = Release|Any CPU
		{0D050B37-5658-4139-9C79-8E3A29AD6ABB}.Debug|Any CPU.ActiveCfg = Debug|Any CPU
		{0D050B37-5658-4139-9C79-8E3A29AD6ABB}.Debug|Any CPU.Build.0 = Debug|Any CPU
		{0D050B37-5658-4139-9C79-8E3A29AD6ABB}.Release|Any CPU.ActiveCfg = Release|Any CPU
		{0D050B37-5658-4139-9C79-8E3A29AD6ABB}.Release|Any CPU.Build.0 = Release|Any CPU
		{D1290FEF-5955-4444-9178-3B529BE7256F}.Debug|Any CPU.ActiveCfg = Debug|Any CPU
		{D1290FEF-5955-4444-9178-3B529BE7256F}.Debug|Any CPU.Build.0 = Debug|Any CPU
		{D1290FEF-5955-4444-9178-3B529BE7256F}.Release|Any CPU.ActiveCfg = Release|Any CPU
		{D1290FEF-5955-4444-9178-3B529BE7256F}.Release|Any CPU.Build.0 = Release|Any CPU
	EndGlobalSection
	GlobalSection(SolutionProperties) = preSolution
		HideSolutionNode = FALSE
	EndGlobalSection
	GlobalSection(ExtensibilityGlobals) = postSolution
		SolutionGuid = {351161A2-81C4-46DE-8D99-6C42B169EA3B}
	EndGlobalSection
EndGlobal
